
Microsoft Visual Studio Solution File, Format Version 12.00
# Visual Studio 14
VisualStudioVersion = 14.0.25420.1
MinimumVisualStudioVersion = 10.0.40219.1
Project("{FAE04EC0-301F-11D3-BF4B-00C04F79EFBC}") = "FocasSmartDataService_2017", "FocasSmartDataCollection\FocasSmartDataService_2017.csproj", "{2A67C82C-3F51-467D-B6D5-CABC769EDBC6}"
EndProject
Project("{FAE04EC0-301F-11D3-BF4B-00C04F79EFBC}") = "FocasLib", "FocasLib\FocasLib.csproj", "{9C457683-DBE4-407E-AB8B-9F95BCD5775D}"
EndProject
Project("{FAE04EC0-301F-11D3-BF4B-00C04F79EFBC}") = "DTO", "DTO\DTO.csproj", "{1A7CC5D6-CD1A-4E5C-8B54-CEC3F83B3C56}"
EndProject
Project("{FAE04EC0-301F-11D3-BF4B-00C04F79EFBC}") = "MachineConnectLicenseGUI", "MachineConnectLicenseGUI\MachineConnectLicenseGUI.csproj", "{281728ED-BC16-4D47-86B3-8C8BDD72CA21}"
EndProject
Project("{FAE04EC0-301F-11D3-BF4B-00C04F79EFBC}") = "CNCId_GUI", "CNCId_GUI\CNCId_GUI.csproj", "{E461C100-AB5F-4D5F-96B7-7DC79FAFFDE1}"
EndProject
Project("{54435603-DBB4-11D2-8724-00A0C9A8B90C}") = "FocasSmartDataServiceSetup", "FocasSmartDataServiceSetup\FocasSmartDataServiceSetup.vdproj", "{87D4E6CE-24D9-409F-8000-BE7B7DFA79BC}"
EndProject
Global
	GlobalSection(SolutionConfigurationPlatforms) = preSolution
		Debug|Any CPU = Debug|Any CPU
		Debug|Mixed Platforms = Debug|Mixed Platforms
		Debug|x86 = Debug|x86
		Release|Any CPU = Release|Any CPU
		Release|Mixed Platforms = Release|Mixed Platforms
		Release|x86 = Release|x86
	EndGlobalSection
	GlobalSection(ProjectConfigurationPlatforms) = postSolution
		{2A67C82C-3F51-467D-B6D5-CABC769EDBC6}.Debug|Any CPU.ActiveCfg = Debug|Any CPU
		{2A67C82C-3F51-467D-B6D5-CABC769EDBC6}.Debug|Any CPU.Build.0 = Debug|Any CPU
		{2A67C82C-3F51-467D-B6D5-CABC769EDBC6}.Debug|Mixed Platforms.ActiveCfg = Debug|Any CPU
		{2A67C82C-3F51-467D-B6D5-CABC769EDBC6}.Debug|Mixed Platforms.Build.0 = Debug|Any CPU
		{2A67C82C-3F51-467D-B6D5-CABC769EDBC6}.Debug|x86.ActiveCfg = Debug|Any CPU
		{2A67C82C-3F51-467D-B6D5-CABC769EDBC6}.Debug|x86.Build.0 = Debug|Any CPU
		{2A67C82C-3F51-467D-B6D5-CABC769EDBC6}.Release|Any CPU.ActiveCfg = Release|Any CPU
		{2A67C82C-3F51-467D-B6D5-CABC769EDBC6}.Release|Any CPU.Build.0 = Release|Any CPU
		{2A67C82C-3F51-467D-B6D5-CABC769EDBC6}.Release|Mixed Platforms.ActiveCfg = Release|Any CPU
		{2A67C82C-3F51-467D-B6D5-CABC769EDBC6}.Release|Mixed Platforms.Build.0 = Release|Any CPU
		{2A67C82C-3F51-467D-B6D5-CABC769EDBC6}.Release|x86.ActiveCfg = Release|Any CPU
		{9C457683-DBE4-407E-AB8B-9F95BCD5775D}.Debug|Any CPU.ActiveCfg = Debug|Any CPU
		{9C457683-DBE4-407E-AB8B-9F95BCD5775D}.Debug|Any CPU.Build.0 = Debug|Any CPU
		{9C457683-DBE4-407E-AB8B-9F95BCD5775D}.Debug|Mixed Platforms.ActiveCfg = Debug|Any CPU
		{9C457683-DBE4-407E-AB8B-9F95BCD5775D}.Debug|Mixed Platforms.Build.0 = Debug|Any CPU
		{9C457683-DBE4-407E-AB8B-9F95BCD5775D}.Debug|x86.ActiveCfg = Debug|Any CPU
		{9C457683-DBE4-407E-AB8B-9F95BCD5775D}.Debug|x86.Build.0 = Debug|Any CPU
		{9C457683-DBE4-407E-AB8B-9F95BCD5775D}.Release|Any CPU.ActiveCfg = Release|Any CPU
		{9C457683-DBE4-407E-AB8B-9F95BCD5775D}.Release|Any CPU.Build.0 = Release|Any CPU
		{9C457683-DBE4-407E-AB8B-9F95BCD5775D}.Release|Mixed Platforms.ActiveCfg = Release|Any CPU
		{9C457683-DBE4-407E-AB8B-9F95BCD5775D}.Release|Mixed Platforms.Build.0 = Release|Any CPU
		{9C457683-DBE4-407E-AB8B-9F95BCD5775D}.Release|x86.ActiveCfg = Release|Any CPU
		{1A7CC5D6-CD1A-4E5C-8B54-CEC3F83B3C56}.Debug|Any CPU.ActiveCfg = Debug|Any CPU
		{1A7CC5D6-CD1A-4E5C-8B54-CEC3F83B3C56}.Debug|Any CPU.Build.0 = Debug|Any CPU
		{1A7CC5D6-CD1A-4E5C-8B54-CEC3F83B3C56}.Debug|Mixed Platforms.ActiveCfg = Debug|Any CPU
		{1A7CC5D6-CD1A-4E5C-8B54-CEC3F83B3C56}.Debug|Mixed Platforms.Build.0 = Debug|Any CPU
		{1A7CC5D6-CD1A-4E5C-8B54-CEC3F83B3C56}.Debug|x86.ActiveCfg = Debug|Any CPU
		{1A7CC5D6-CD1A-4E5C-8B54-CEC3F83B3C56}.Debug|x86.Build.0 = Debug|Any CPU
		{1A7CC5D6-CD1A-4E5C-8B54-CEC3F83B3C56}.Release|Any CPU.ActiveCfg = Release|Any CPU
		{1A7CC5D6-CD1A-4E5C-8B54-CEC3F83B3C56}.Release|Any CPU.Build.0 = Release|Any CPU
		{1A7CC5D6-CD1A-4E5C-8B54-CEC3F83B3C56}.Release|Mixed Platforms.ActiveCfg = Release|Any CPU
		{1A7CC5D6-CD1A-4E5C-8B54-CEC3F83B3C56}.Release|Mixed Platforms.Build.0 = Release|Any CPU
		{1A7CC5D6-CD1A-4E5C-8B54-CEC3F83B3C56}.Release|x86.ActiveCfg = Release|Any CPU
		{281728ED-BC16-4D47-86B3-8C8BDD72CA21}.Debug|Any CPU.ActiveCfg = Debug|x86
		{281728ED-BC16-4D47-86B3-8C8BDD72CA21}.Debug|Mixed Platforms.ActiveCfg = Debug|x86
		{281728ED-BC16-4D47-86B3-8C8BDD72CA21}.Debug|Mixed Platforms.Build.0 = Debug|x86
		{281728ED-BC16-4D47-86B3-8C8BDD72CA21}.Debug|x86.ActiveCfg = Debug|x86
		{281728ED-BC16-4D47-86B3-8C8BDD72CA21}.Release|Any CPU.ActiveCfg = Release|x86
		{281728ED-BC16-4D47-86B3-8C8BDD72CA21}.Release|Any CPU.Build.0 = Release|x86
		{281728ED-BC16-4D47-86B3-8C8BDD72CA21}.Release|Mixed Platforms.ActiveCfg = Release|x86
		{281728ED-BC16-4D47-86B3-8C8BDD72CA21}.Release|Mixed Platforms.Build.0 = Release|x86
		{281728ED-BC16-4D47-86B3-8C8BDD72CA21}.Release|x86.ActiveCfg = Release|x86
		{281728ED-BC16-4D47-86B3-8C8BDD72CA21}.Release|x86.Build.0 = Release|x86
		{E461C100-AB5F-4D5F-96B7-7DC79FAFFDE1}.Debug|Any CPU.ActiveCfg = Debug|x86
		{E461C100-AB5F-4D5F-96B7-7DC79FAFFDE1}.Debug|Mixed Platforms.ActiveCfg = Debug|x86
		{E461C100-AB5F-4D5F-96B7-7DC79FAFFDE1}.Debug|Mixed Platforms.Build.0 = Debug|x86
		{E461C100-AB5F-4D5F-96B7-7DC79FAFFDE1}.Debug|x86.ActiveCfg = Debug|x86
		{E461C100-AB5F-4D5F-96B7-7DC79FAFFDE1}.Debug|x86.Build.0 = Debug|x86
		{E461C100-AB5F-4D5F-96B7-7DC79FAFFDE1}.Release|Any CPU.ActiveCfg = Release|x86
		{E461C100-AB5F-4D5F-96B7-7DC79FAFFDE1}.Release|Mixed Platforms.ActiveCfg = Release|x86
		{E461C100-AB5F-4D5F-96B7-7DC79FAFFDE1}.Release|Mixed Platforms.Build.0 = Release|x86
		{E461C100-AB5F-4D5F-96B7-7DC79FAFFDE1}.Release|x86.ActiveCfg = Release|x86
		{E461C100-AB5F-4D5F-96B7-7DC79FAFFDE1}.Release|x86.Build.0 = Release|x86
		{87D4E6CE-24D9-409F-8000-BE7B7DFA79BC}.Debug|Any CPU.ActiveCfg = Debug
		{87D4E6CE-24D9-409F-8000-BE7B7DFA79BC}.Debug|Any CPU.Build.0 = Debug
		{87D4E6CE-24D9-409F-8000-BE7B7DFA79BC}.Debug|Mixed Platforms.ActiveCfg = Debug
		{87D4E6CE-24D9-409F-8000-BE7B7DFA79BC}.Debug|Mixed Platforms.Build.0 = Debug
		{87D4E6CE-24D9-409F-8000-BE7B7DFA79BC}.Debug|x86.ActiveCfg = Debug
		{87D4E6CE-24D9-409F-8000-BE7B7DFA79BC}.Release|Any CPU.ActiveCfg = Release
		{87D4E6CE-24D9-409F-8000-BE7B7DFA79BC}.Release|Mixed Platforms.ActiveCfg = Release
		{87D4E6CE-24D9-409F-8000-BE7B7DFA79BC}.Release|Mixed Platforms.Build.0 = Release
		{87D4E6CE-24D9-409F-8000-BE7B7DFA79BC}.Release|x86.ActiveCfg = Release
		{87D4E6CE-24D9-409F-8000-BE7B7DFA79BC}.Release|x86.Build.0 = Release
	EndGlobalSection
	GlobalSection(SolutionProperties) = preSolution
		HideSolutionNode = FALSE
	EndGlobalSection
	GlobalSection(SourceCodeControl) = preSolution
		SccNumberOfProjects = 7
		SccLocalPath0 = .
		SccProjectUniqueName1 = CNCId_GUI\\CNCId_GUI.csproj
		SccLocalPath1 = .
		SccProjectFilePathRelativizedFromConnection1 = CNCId_GUI\\
		SccProjectUniqueName2 = DTO\\DTO.csproj
		SccLocalPath2 = .
		SccProjectFilePathRelativizedFromConnection2 = DTO\\
		SccProjectUniqueName3 = FocasLib\\FocasLib.csproj
		SccLocalPath3 = .
		SccProjectFilePathRelativizedFromConnection3 = FocasLib\\
		SccProjectUniqueName4 = FocasSmartDataCollection\\FocasSmartDataService_2017.csproj
		SccLocalPath4 = .
		SccProjectFilePathRelativizedFromConnection4 = FocasSmartDataCollection\\
		SccProjectUniqueName5 = FocasSmartDataServiceSetup\\FocasSmartDataServiceSetup.vdproj
		SccLocalPath5 = .
		SccProjectFilePathRelativizedFromConnection5 = FocasSmartDataServiceSetup\\
		SccProjectUniqueName6 = MachineConnectLicenseGUI\\MachineConnectLicenseGUI.csproj
		SccLocalPath6 = .
		SccProjectFilePathRelativizedFromConnection6 = MachineConnectLicenseGUI\\
	EndGlobalSection
EndGlobal
